
Microsoft Visual Studio Solution File, Format Version 12.00
# Visual Studio Version 17
VisualStudioVersion = 17.3.32929.385
MinimumVisualStudioVersion = 10.0.40219.1
Project("{FAE04EC0-301F-11D3-BF4B-00C04F79EFBC}") = "PersonalFinance.API", "PersonalFinance.API\PersonalFinance.API.csproj", "{F107BC91-A3A1-42C7-95B8-11033A4B358A}"
EndProject
Project("{FAE04EC0-301F-11D3-BF4B-00C04F79EFBC}") = "PersonalFinance.Abstractions", "PersonalFinance.Abstractions\PersonalFinance.Abstractions.csproj", "{4C4DC698-6B6F-4B37-8ACE-0B4327202EB0}"
EndProject
Project("{FAE04EC0-301F-11D3-BF4B-00C04F79EFBC}") = "PersonalFinance.Entities", "PersonalFinance.Entities\PersonalFinance.Entities.csproj", "{C067F977-DE7F-4ED2-9472-E7B3BF8D422D}"
EndProject
Project("{FAE04EC0-301F-11D3-BF4B-00C04F79EFBC}") = "PersonalFinance.Infrastructure", "PersonalFinance.Infrastructure\PersonalFinance.Infrastructure.csproj", "{FF1718E7-40B3-42D6-AC0B-138A7F47B3D9}"
EndProject
Project("{FAE04EC0-301F-11D3-BF4B-00C04F79EFBC}") = "PersonalFinance.Models", "PersonalFinance.Models\PersonalFinance.Models.csproj", "{45A6E203-2935-41AC-AF4F-A10A881E063F}"
EndProject
Project("{FAE04EC0-301F-11D3-BF4B-00C04F79EFBC}") = "PersonalFinance.Persistence", "PersonalFinance.Persistence\PersonalFinance.Persistence.csproj", "{2CD47BB5-B14A-48F0-B576-75EA4272C6D9}"
EndProject
Project("{FAE04EC0-301F-11D3-BF4B-00C04F79EFBC}") = "PersonalFinance.Repositories", "PersonalFinance.Repositories\PersonalFinance.Repositories.csproj", "{D9E0A085-851F-4CB0-83A4-DDFEBC44DFF8}"
EndProject
Project("{FAE04EC0-301F-11D3-BF4B-00C04F79EFBC}") = "PersonalFinance.Services", "PersonalFinance.Services\PersonalFinance.Services.csproj", "{B12B4EE4-AB82-413A-85EC-DB0372621150}"
EndProject
Global
	GlobalSection(SolutionConfigurationPlatforms) = preSolution
		Debug|Any CPU = Debug|Any CPU
		Release|Any CPU = Release|Any CPU
	EndGlobalSection
	GlobalSection(ProjectConfigurationPlatforms) = postSolution
		{F107BC91-A3A1-42C7-95B8-11033A4B358A}.Debug|Any CPU.ActiveCfg = Debug|Any CPU
		{F107BC91-A3A1-42C7-95B8-11033A4B358A}.Debug|Any CPU.Build.0 = Debug|Any CPU
		{F107BC91-A3A1-42C7-95B8-11033A4B358A}.Release|Any CPU.ActiveCfg = Release|Any CPU
		{F107BC91-A3A1-42C7-95B8-11033A4B358A}.Release|Any CPU.Build.0 = Release|Any CPU
		{4C4DC698-6B6F-4B37-8ACE-0B4327202EB0}.Debug|Any CPU.ActiveCfg = Debug|Any CPU
		{4C4DC698-6B6F-4B37-8ACE-0B4327202EB0}.Debug|Any CPU.Build.0 = Debug|Any CPU
		{4C4DC698-6B6F-4B37-8ACE-0B4327202EB0}.Release|Any CPU.ActiveCfg = Release|Any CPU
		{4C4DC698-6B6F-4B37-8ACE-0B4327202EB0}.Release|Any CPU.Build.0 = Release|Any CPU
		{C067F977-DE7F-4ED2-9472-E7B3BF8D422D}.Debug|Any CPU.ActiveCfg = Debug|Any CPU
		{C067F977-DE7F-4ED2-9472-E7B3BF8D422D}.Debug|Any CPU.Build.0 = Debug|Any CPU
		{C067F977-DE7F-4ED2-9472-E7B3BF8D422D}.Release|Any CPU.ActiveCfg = Release|Any CPU
		{C067F977-DE7F-4ED2-9472-E7B3BF8D422D}.Release|Any CPU.Build.0 = Release|Any CPU
		{FF1718E7-40B3-42D6-AC0B-138A7F47B3D9}.Debug|Any CPU.ActiveCfg = Debug|Any CPU
		{FF1718E7-40B3-42D6-AC0B-138A7F47B3D9}.Debug|Any CPU.Build.0 = Debug|Any CPU
		{FF1718E7-40B3-42D6-AC0B-138A7F47B3D9}.Release|Any CPU.ActiveCfg = Release|Any CPU
		{FF1718E7-40B3-42D6-AC0B-138A7F47B3D9}.Release|Any CPU.Build.0 = Release|Any CPU
		{45A6E203-2935-41AC-AF4F-A10A881E063F}.Debug|Any CPU.ActiveCfg = Debug|Any CPU
		{45A6E203-2935-41AC-AF4F-A10A881E063F}.Debug|Any CPU.Build.0 = Debug|Any CPU
		{45A6E203-2935-41AC-AF4F-A10A881E063F}.Release|Any CPU.ActiveCfg = Release|Any CPU
		{45A6E203-2935-41AC-AF4F-A10A881E063F}.Release|Any CPU.Build.0 = Release|Any CPU
		{2CD47BB5-B14A-48F0-B576-75EA4272C6D9}.Debug|Any CPU.ActiveCfg = Debug|Any CPU
		{2CD47BB5-B14A-48F0-B576-75EA4272C6D9}.Debug|Any CPU.Build.0 = Debug|Any CPU
		{2CD47BB5-B14A-48F0-B576-75EA4272C6D9}.Release|Any CPU.ActiveCfg = Release|Any CPU
		{2CD47BB5-B14A-48F0-B576-75EA4272C6D9}.Release|Any CPU.Build.0 = Release|Any CPU
		{D9E0A085-851F-4CB0-83A4-DDFEBC44DFF8}.Debug|Any CPU.ActiveCfg = Debug|Any CPU
		{D9E0A085-851F-4CB0-83A4-DDFEBC44DFF8}.Debug|Any CPU.Build.0 = Debug|Any CPU
		{D9E0A085-851F-4CB0-83A4-DDFEBC44DFF8}.Release|Any CPU.ActiveCfg = Release|Any CPU
		{D9E0A085-851F-4CB0-83A4-DDFEBC44DFF8}.Release|Any CPU.Build.0 = Release|Any CPU
		{B12B4EE4-AB82-413A-85EC-DB0372621150}.Debug|Any CPU.ActiveCfg = Debug|Any CPU
		{B12B4EE4-AB82-413A-85EC-DB0372621150}.Debug|Any CPU.Build.0 = Debug|Any CPU
		{B12B4EE4-AB82-413A-85EC-DB0372621150}.Release|Any CPU.ActiveCfg = Release|Any CPU
		{B12B4EE4-AB82-413A-85EC-DB0372621150}.Release|Any CPU.Build.0 = Release|Any CPU
	EndGlobalSection
	GlobalSection(SolutionProperties) = preSolution
		HideSolutionNode = FALSE
	EndGlobalSection
	GlobalSection(ExtensibilityGlobals) = postSolution
		SolutionGuid = {AF1D3930-99B0-4376-9B28-8DE51F37BE38}
	EndGlobalSection
EndGlobal
